// !$*UTF8*$!
{
	archiveVersion = 1;
	classes = {
	};
	objectVersion = 55;
	objects = {

/* Begin PBXBuildFile section */
		C65C439A28FDF66E00F6EF05 /* TitleDescriptionTableViewCell.swift in Sources */ = {isa = PBXBuildFile; fileRef = C65C439928FDF66E00F6EF05 /* TitleDescriptionTableViewCell.swift */; };
		C65C43A128FE157300F6EF05 /* SchoolDetailViewController.swift in Sources */ = {isa = PBXBuildFile; fileRef = C65C43A028FE157300F6EF05 /* SchoolDetailViewController.swift */; };
		C65C43A328FE163C00F6EF05 /* SchoolListViewControllerDeps.swift in Sources */ = {isa = PBXBuildFile; fileRef = C65C43A228FE163C00F6EF05 /* SchoolListViewControllerDeps.swift */; };
		C65C43A628FE222900F6EF05 /* SchoolSATScoreRequest.swift in Sources */ = {isa = PBXBuildFile; fileRef = C65C43A528FE222900F6EF05 /* SchoolSATScoreRequest.swift */; };
		C65C43A928FE226300F6EF05 /* SchoolSATScore.swift in Sources */ = {isa = PBXBuildFile; fileRef = C65C43A828FE226300F6EF05 /* SchoolSATScore.swift */; };
		C65C43AC28FE22E900F6EF05 /* SchoolSATScoreTableColumn.swift in Sources */ = {isa = PBXBuildFile; fileRef = C65C43AB28FE22E900F6EF05 /* SchoolSATScoreTableColumn.swift */; };
		C65C43B028FE25C000F6EF05 /* SchoolSATScoreRequestFake.swift in Sources */ = {isa = PBXBuildFile; fileRef = C65C43AE28FE257700F6EF05 /* SchoolSATScoreRequestFake.swift */; };
		C65C43B328FE271C00F6EF05 /* SchoolDetailViewControllerDeps.swift in Sources */ = {isa = PBXBuildFile; fileRef = C65C43B128FE26A300F6EF05 /* SchoolDetailViewControllerDeps.swift */; };
		C65C43B628FE279300F6EF05 /* ChaseSchoolListViewControllerDeps.swift in Sources */ = {isa = PBXBuildFile; fileRef = C65C43B428FE277D00F6EF05 /* ChaseSchoolListViewControllerDeps.swift */; };
		C679824F28FCC26A00AFDB84 /* ClientConstants.swift in Sources */ = {isa = PBXBuildFile; fileRef = C679824C28FCC26A00AFDB84 /* ClientConstants.swift */; };
		C679825028FCC26A00AFDB84 /* NewYorkSchoolJSONRequest.swift in Sources */ = {isa = PBXBuildFile; fileRef = C679824E28FCC26A00AFDB84 /* NewYorkSchoolJSONRequest.swift */; };
		C679825228FCC34900AFDB84 /* ChaseClientConstants.swift in Sources */ = {isa = PBXBuildFile; fileRef = C679825128FCC34900AFDB84 /* ChaseClientConstants.swift */; };
		C679825428FCD5B400AFDB84 /* RequestParameterConstants.swift in Sources */ = {isa = PBXBuildFile; fileRef = C679825328FCD5B400AFDB84 /* RequestParameterConstants.swift */; };
		C679825C28FCFD1200AFDB84 /* SchoolJSONParserUnitTests.swift in Sources */ = {isa = PBXBuildFile; fileRef = C679825B28FCFD1200AFDB84 /* SchoolJSONParserUnitTests.swift */; };
		C67982A128FCFDAB00AFDB84 /* SchoolJSONParser.swift in Sources */ = {isa = PBXBuildFile; fileRef = C67982A028FCFDAB00AFDB84 /* SchoolJSONParser.swift */; };
		C67982A528FCFEC500AFDB84 /* SchoolJSON.json in Resources */ = {isa = PBXBuildFile; fileRef = C67982A428FCFEC500AFDB84 /* SchoolJSON.json */; };
		C67982AC28FD08E700AFDB84 /* SchoolTableColumn.swift in Sources */ = {isa = PBXBuildFile; fileRef = C67982AA28FD03D200AFDB84 /* SchoolTableColumn.swift */; };
		C67982AD28FD08EB00AFDB84 /* School.swift in Sources */ = {isa = PBXBuildFile; fileRef = C67982A828FD02F300AFDB84 /* School.swift */; };
		C67982AF28FD0F5B00AFDB84 /* SchoolModelRequest.swift in Sources */ = {isa = PBXBuildFile; fileRef = C67982AE28FD0F5B00AFDB84 /* SchoolModelRequest.swift */; };
		C67982B128FD114500AFDB84 /* NewYorkSchoolModelRequest.swift in Sources */ = {isa = PBXBuildFile; fileRef = C67982B028FD114500AFDB84 /* NewYorkSchoolModelRequest.swift */; };
		C67982B428FD148D00AFDB84 /* ClientError.swift in Sources */ = {isa = PBXBuildFile; fileRef = C67982B328FD148D00AFDB84 /* ClientError.swift */; };
		C67982B928FD16B400AFDB84 /* SchoolListViewController.swift in Sources */ = {isa = PBXBuildFile; fileRef = C67982B828FD16B400AFDB84 /* SchoolListViewController.swift */; };
		C6A605E228FDAAD800FE2E4D /* SchoolModelRequestFake.swift in Sources */ = {isa = PBXBuildFile; fileRef = C6A605E028FDAABD00FE2E4D /* SchoolModelRequestFake.swift */; };
		C6F3510128F3C786004FFB26 /* AppDelegate.swift in Sources */ = {isa = PBXBuildFile; fileRef = C6F350FE28F3C786004FFB26 /* AppDelegate.swift */; };
		C6F3510228F3C786004FFB26 /* SceneDelegate.swift in Sources */ = {isa = PBXBuildFile; fileRef = C6F350FF28F3C786004FFB26 /* SceneDelegate.swift */; };
		C6F3510A28F3C794004FFB26 /* ShinSchoolInfo.plist in Resources */ = {isa = PBXBuildFile; fileRef = C6F3510428F3C794004FFB26 /* ShinSchoolInfo.plist */; };
		C6F3510B28F3C794004FFB26 /* Assets.xcassets in Resources */ = {isa = PBXBuildFile; fileRef = C6F3510528F3C794004FFB26 /* Assets.xcassets */; };
		C6F3510C28F3C794004FFB26 /* LaunchScreen.storyboard in Resources */ = {isa = PBXBuildFile; fileRef = C6F3510628F3C794004FFB26 /* LaunchScreen.storyboard */; };
/* End PBXBuildFile section */

/* Begin PBXContainerItemProxy section */
		C679825D28FCFD1200AFDB84 /* PBXContainerItemProxy */ = {
			isa = PBXContainerItemProxy;
			containerPortal = C64517F728F3C1A000E5064D /* Project object */;
			proxyType = 1;
			remoteGlobalIDString = C64517FE28F3C1A000E5064D;
			remoteInfo = ShinSchool;
		};
/* End PBXContainerItemProxy section */

/* Begin PBXFileReference section */
		C64517FF28F3C1A000E5064D /* ShinSchool.app */ = {isa = PBXFileReference; explicitFileType = wrapper.application; includeInIndex = 0; path = ShinSchool.app; sourceTree = BUILT_PRODUCTS_DIR; };
		C65C439928FDF66E00F6EF05 /* TitleDescriptionTableViewCell.swift */ = {isa = PBXFileReference; lastKnownFileType = sourcecode.swift; path = TitleDescriptionTableViewCell.swift; sourceTree = "<group>"; };
		C65C43A028FE157300F6EF05 /* SchoolDetailViewController.swift */ = {isa = PBXFileReference; lastKnownFileType = sourcecode.swift; path = SchoolDetailViewController.swift; sourceTree = "<group>"; };
		C65C43A228FE163C00F6EF05 /* SchoolListViewControllerDeps.swift */ = {isa = PBXFileReference; lastKnownFileType = sourcecode.swift; path = SchoolListViewControllerDeps.swift; sourceTree = "<group>"; };
		C65C43A528FE222900F6EF05 /* SchoolSATScoreRequest.swift */ = {isa = PBXFileReference; lastKnownFileType = sourcecode.swift; path = SchoolSATScoreRequest.swift; sourceTree = "<group>"; };
		C65C43A828FE226300F6EF05 /* SchoolSATScore.swift */ = {isa = PBXFileReference; lastKnownFileType = sourcecode.swift; path = SchoolSATScore.swift; sourceTree = "<group>"; };
		C65C43AB28FE22E900F6EF05 /* SchoolSATScoreTableColumn.swift */ = {isa = PBXFileReference; lastKnownFileType = sourcecode.swift; path = SchoolSATScoreTableColumn.swift; sourceTree = "<group>"; };
		C65C43AE28FE257700F6EF05 /* SchoolSATScoreRequestFake.swift */ = {isa = PBXFileReference; lastKnownFileType = sourcecode.swift; path = SchoolSATScoreRequestFake.swift; sourceTree = "<group>"; };
		C65C43B128FE26A300F6EF05 /* SchoolDetailViewControllerDeps.swift */ = {isa = PBXFileReference; lastKnownFileType = sourcecode.swift; path = SchoolDetailViewControllerDeps.swift; sourceTree = "<group>"; };
		C65C43B428FE277D00F6EF05 /* ChaseSchoolListViewControllerDeps.swift */ = {isa = PBXFileReference; lastKnownFileType = sourcecode.swift; path = ChaseSchoolListViewControllerDeps.swift; sourceTree = "<group>"; };
		C679824C28FCC26A00AFDB84 /* ClientConstants.swift */ = {isa = PBXFileReference; fileEncoding = 4; lastKnownFileType = sourcecode.swift; path = ClientConstants.swift; sourceTree = "<group>"; };
		C679824E28FCC26A00AFDB84 /* NewYorkSchoolJSONRequest.swift */ = {isa = PBXFileReference; fileEncoding = 4; lastKnownFileType = sourcecode.swift; path = NewYorkSchoolJSONRequest.swift; sourceTree = "<group>"; };
		C679825128FCC34900AFDB84 /* ChaseClientConstants.swift */ = {isa = PBXFileReference; lastKnownFileType = sourcecode.swift; path = ChaseClientConstants.swift; sourceTree = "<group>"; };
		C679825328FCD5B400AFDB84 /* RequestParameterConstants.swift */ = {isa = PBXFileReference; lastKnownFileType = sourcecode.swift; path = RequestParameterConstants.swift; sourceTree = "<group>"; };
		C679825928FCFD1200AFDB84 /* UnitTests.xctest */ = {isa = PBXFileReference; explicitFileType = wrapper.cfbundle; includeInIndex = 0; path = UnitTests.xctest; sourceTree = BUILT_PRODUCTS_DIR; };
		C679825B28FCFD1200AFDB84 /* SchoolJSONParserUnitTests.swift */ = {isa = PBXFileReference; lastKnownFileType = sourcecode.swift; path = SchoolJSONParserUnitTests.swift; sourceTree = "<group>"; };
		C67982A028FCFDAB00AFDB84 /* SchoolJSONParser.swift */ = {isa = PBXFileReference; lastKnownFileType = sourcecode.swift; path = SchoolJSONParser.swift; sourceTree = "<group>"; };
		C67982A428FCFEC500AFDB84 /* SchoolJSON.json */ = {isa = PBXFileReference; lastKnownFileType = text.json; path = SchoolJSON.json; sourceTree = "<group>"; };
		C67982A828FD02F300AFDB84 /* School.swift */ = {isa = PBXFileReference; lastKnownFileType = sourcecode.swift; path = School.swift; sourceTree = "<group>"; };
		C67982AA28FD03D200AFDB84 /* SchoolTableColumn.swift */ = {isa = PBXFileReference; lastKnownFileType = sourcecode.swift; path = SchoolTableColumn.swift; sourceTree = "<group>"; };
		C67982AE28FD0F5B00AFDB84 /* SchoolModelRequest.swift */ = {isa = PBXFileReference; lastKnownFileType = sourcecode.swift; path = SchoolModelRequest.swift; sourceTree = "<group>"; };
		C67982B028FD114500AFDB84 /* NewYorkSchoolModelRequest.swift */ = {isa = PBXFileReference; lastKnownFileType = sourcecode.swift; path = NewYorkSchoolModelRequest.swift; sourceTree = "<group>"; };
		C67982B328FD148D00AFDB84 /* ClientError.swift */ = {isa = PBXFileReference; lastKnownFileType = sourcecode.swift; path = ClientError.swift; sourceTree = "<group>"; };
		C67982B828FD16B400AFDB84 /* SchoolListViewController.swift */ = {isa = PBXFileReference; lastKnownFileType = sourcecode.swift; path = SchoolListViewController.swift; sourceTree = "<group>"; };
		C6A605E028FDAABD00FE2E4D /* SchoolModelRequestFake.swift */ = {isa = PBXFileReference; lastKnownFileType = sourcecode.swift; path = SchoolModelRequestFake.swift; sourceTree = "<group>"; };
		C6F350FE28F3C786004FFB26 /* AppDelegate.swift */ = {isa = PBXFileReference; fileEncoding = 4; lastKnownFileType = sourcecode.swift; path = AppDelegate.swift; sourceTree = "<group>"; };
		C6F350FF28F3C786004FFB26 /* SceneDelegate.swift */ = {isa = PBXFileReference; fileEncoding = 4; lastKnownFileType = sourcecode.swift; path = SceneDelegate.swift; sourceTree = "<group>"; };
		C6F3510428F3C794004FFB26 /* ShinSchoolInfo.plist */ = {isa = PBXFileReference; fileEncoding = 4; lastKnownFileType = text.plist.xml; path = ShinSchoolInfo.plist; sourceTree = "<group>"; };
		C6F3510528F3C794004FFB26 /* Assets.xcassets */ = {isa = PBXFileReference; lastKnownFileType = folder.assetcatalog; path = Assets.xcassets; sourceTree = "<group>"; };
		C6F3510728F3C794004FFB26 /* Base */ = {isa = PBXFileReference; lastKnownFileType = file.storyboard; name = Base; path = Base.lproj/LaunchScreen.storyboard; sourceTree = "<group>"; };
/* End PBXFileReference section */

/* Begin PBXFrameworksBuildPhase section */
		C64517FC28F3C1A000E5064D /* Frameworks */ = {
			isa = PBXFrameworksBuildPhase;
			buildActionMask = 2147483647;
			files = (
			);
			runOnlyForDeploymentPostprocessing = 0;
		};
		C679825628FCFD1200AFDB84 /* Frameworks */ = {
			isa = PBXFrameworksBuildPhase;
			buildActionMask = 2147483647;
			files = (
			);
			runOnlyForDeploymentPostprocessing = 0;
		};
/* End PBXFrameworksBuildPhase section */

/* Begin PBXGroup section */
		C64517F628F3C1A000E5064D = {
			isa = PBXGroup;
			children = (
				C6F3510328F3C794004FFB26 /* Resources */,
				C6F350FC28F3C786004FFB26 /* Sources */,
				C679825A28FCFD1200AFDB84 /* UnitTests */,
				C645180028F3C1A000E5064D /* Products */,
			);
			sourceTree = "<group>";
		};
		C645180028F3C1A000E5064D /* Products */ = {
			isa = PBXGroup;
			children = (
				C64517FF28F3C1A000E5064D /* ShinSchool.app */,
				C679825928FCFD1200AFDB84 /* UnitTests.xctest */,
			);
			name = Products;
			sourceTree = "<group>";
		};
		C65C439B28FDFE3B00F6EF05 /* View */ = {
			isa = PBXGroup;
			children = (
				C65C439C28FDFE4400F6EF05 /* TableView */,
			);
			path = View;
			sourceTree = "<group>";
		};
		C65C439C28FDFE4400F6EF05 /* TableView */ = {
			isa = PBXGroup;
			children = (
				C65C439D28FDFE4900F6EF05 /* Cell */,
			);
			path = TableView;
			sourceTree = "<group>";
		};
		C65C439D28FDFE4900F6EF05 /* Cell */ = {
			isa = PBXGroup;
			children = (
				C65C439928FDF66E00F6EF05 /* TitleDescriptionTableViewCell.swift */,
			);
			path = Cell;
			sourceTree = "<group>";
		};
		C65C439E28FE155900F6EF05 /* SchoolDetail */ = {
			isa = PBXGroup;
			children = (
				C65C439F28FE156500F6EF05 /* ViewController */,
			);
			path = SchoolDetail;
			sourceTree = "<group>";
		};
		C65C439F28FE156500F6EF05 /* ViewController */ = {
			isa = PBXGroup;
			children = (
				C65C43A028FE157300F6EF05 /* SchoolDetailViewController.swift */,
				C65C43B128FE26A300F6EF05 /* SchoolDetailViewControllerDeps.swift */,
			);
			path = ViewController;
			sourceTree = "<group>";
		};
		C65C43A428FE221100F6EF05 /* SAT */ = {
			isa = PBXGroup;
			children = (
				C65C43A528FE222900F6EF05 /* SchoolSATScoreRequest.swift */,
			);
			path = SAT;
			sourceTree = "<group>";
		};
		C65C43A728FE225100F6EF05 /* SAT */ = {
			isa = PBXGroup;
			children = (
				C65C43A828FE226300F6EF05 /* SchoolSATScore.swift */,
			);
			path = SAT;
			sourceTree = "<group>";
		};
		C65C43AA28FE22CC00F6EF05 /* SAT */ = {
			isa = PBXGroup;
			children = (
				C65C43AB28FE22E900F6EF05 /* SchoolSATScoreTableColumn.swift */,
			);
			path = SAT;
			sourceTree = "<group>";
		};
		C65C43AD28FE256000F6EF05 /* SAT */ = {
			isa = PBXGroup;
			children = (
				C65C43AE28FE257700F6EF05 /* SchoolSATScoreRequestFake.swift */,
			);
			path = SAT;
			sourceTree = "<group>";
		};
		C679824828FCC26A00AFDB84 /* Services */ = {
			isa = PBXGroup;
			children = (
				C679829E28FCFD8F00AFDB84 /* Parser */,
				C679824928FCC26A00AFDB84 /* Network */,
			);
			path = Services;
			sourceTree = "<group>";
		};
		C679824928FCC26A00AFDB84 /* Network */ = {
			isa = PBXGroup;
			children = (
				C679824A28FCC26A00AFDB84 /* Request */,
			);
			path = Network;
			sourceTree = "<group>";
		};
		C679824A28FCC26A00AFDB84 /* Request */ = {
			isa = PBXGroup;
			children = (
				C679824B28FCC26A00AFDB84 /* Constants */,
				C679824D28FCC26A00AFDB84 /* School */,
			);
			path = Request;
			sourceTree = "<group>";
		};
		C679824B28FCC26A00AFDB84 /* Constants */ = {
			isa = PBXGroup;
			children = (
				C679824C28FCC26A00AFDB84 /* ClientConstants.swift */,
				C679825128FCC34900AFDB84 /* ChaseClientConstants.swift */,
				C679825328FCD5B400AFDB84 /* RequestParameterConstants.swift */,
			);
			path = Constants;
			sourceTree = "<group>";
		};
		C679824D28FCC26A00AFDB84 /* School */ = {
			isa = PBXGroup;
			children = (
				C65C43A428FE221100F6EF05 /* SAT */,
				C679824E28FCC26A00AFDB84 /* NewYorkSchoolJSONRequest.swift */,
				C67982AE28FD0F5B00AFDB84 /* SchoolModelRequest.swift */,
				C67982B028FD114500AFDB84 /* NewYorkSchoolModelRequest.swift */,
			);
			path = School;
			sourceTree = "<group>";
		};
		C679825A28FCFD1200AFDB84 /* UnitTests */ = {
			isa = PBXGroup;
			children = (
				C67982A228FCFDB700AFDB84 /* Services */,
			);
			path = UnitTests;
			sourceTree = "<group>";
		};
		C679829E28FCFD8F00AFDB84 /* Parser */ = {
			isa = PBXGroup;
			children = (
				C679829F28FCFD9600AFDB84 /* School */,
			);
			path = Parser;
			sourceTree = "<group>";
		};
		C679829F28FCFD9600AFDB84 /* School */ = {
			isa = PBXGroup;
			children = (
				C65C43AA28FE22CC00F6EF05 /* SAT */,
				C67982A028FCFDAB00AFDB84 /* SchoolJSONParser.swift */,
				C67982AA28FD03D200AFDB84 /* SchoolTableColumn.swift */,
			);
			path = School;
			sourceTree = "<group>";
		};
		C67982A228FCFDB700AFDB84 /* Services */ = {
			isa = PBXGroup;
			children = (
				C6A605DD28FDAA8B00FE2E4D /* Network */,
				C67982A328FCFE2000AFDB84 /* Parser */,
			);
			path = Services;
			sourceTree = "<group>";
		};
		C67982A328FCFE2000AFDB84 /* Parser */ = {
			isa = PBXGroup;
			children = (
				C679825B28FCFD1200AFDB84 /* SchoolJSONParserUnitTests.swift */,
				C67982A428FCFEC500AFDB84 /* SchoolJSON.json */,
			);
			path = Parser;
			sourceTree = "<group>";
		};
		C67982A628FD02D300AFDB84 /* Model */ = {
			isa = PBXGroup;
			children = (
				C67982B228FD146800AFDB84 /* Error */,
				C67982A728FD02DE00AFDB84 /* School */,
			);
			path = Model;
			sourceTree = "<group>";
		};
		C67982A728FD02DE00AFDB84 /* School */ = {
			isa = PBXGroup;
			children = (
				C65C43A728FE225100F6EF05 /* SAT */,
				C67982A828FD02F300AFDB84 /* School.swift */,
			);
			path = School;
			sourceTree = "<group>";
		};
		C67982B228FD146800AFDB84 /* Error */ = {
			isa = PBXGroup;
			children = (
				C67982B328FD148D00AFDB84 /* ClientError.swift */,
			);
			path = Error;
			sourceTree = "<group>";
		};
		C67982B528FD168800AFDB84 /* Components */ = {
			isa = PBXGroup;
			children = (
				C65C439E28FE155900F6EF05 /* SchoolDetail */,
				C67982B628FD169200AFDB84 /* SchoolList */,
			);
			path = Components;
			sourceTree = "<group>";
		};
		C67982B628FD169200AFDB84 /* SchoolList */ = {
			isa = PBXGroup;
			children = (
				C67982B728FD16A200AFDB84 /* ViewController */,
			);
			path = SchoolList;
			sourceTree = "<group>";
		};
		C67982B728FD16A200AFDB84 /* ViewController */ = {
			isa = PBXGroup;
			children = (
				C67982B828FD16B400AFDB84 /* SchoolListViewController.swift */,
				C65C43A228FE163C00F6EF05 /* SchoolListViewControllerDeps.swift */,
				C65C43B428FE277D00F6EF05 /* ChaseSchoolListViewControllerDeps.swift */,
			);
			path = ViewController;
			sourceTree = "<group>";
		};
		C6A605DD28FDAA8B00FE2E4D /* Network */ = {
			isa = PBXGroup;
			children = (
				C6A605DE28FDAA9A00FE2E4D /* Request */,
			);
			path = Network;
			sourceTree = "<group>";
		};
		C6A605DE28FDAA9A00FE2E4D /* Request */ = {
			isa = PBXGroup;
			children = (
				C6A605DF28FDAAA100FE2E4D /* School */,
			);
			path = Request;
			sourceTree = "<group>";
		};
		C6A605DF28FDAAA100FE2E4D /* School */ = {
			isa = PBXGroup;
			children = (
				C65C43AD28FE256000F6EF05 /* SAT */,
				C6A605E028FDAABD00FE2E4D /* SchoolModelRequestFake.swift */,
			);
			path = School;
			sourceTree = "<group>";
		};
		C6F350FC28F3C786004FFB26 /* Sources */ = {
			isa = PBXGroup;
			children = (
				C65C439B28FDFE3B00F6EF05 /* View */,
				C67982B528FD168800AFDB84 /* Components */,
				C67982A628FD02D300AFDB84 /* Model */,
				C679824828FCC26A00AFDB84 /* Services */,
				C6F350FE28F3C786004FFB26 /* AppDelegate.swift */,
				C6F350FF28F3C786004FFB26 /* SceneDelegate.swift */,
			);
			path = Sources;
			sourceTree = "<group>";
		};
		C6F3510328F3C794004FFB26 /* Resources */ = {
			isa = PBXGroup;
			children = (
				C6F3510428F3C794004FFB26 /* ShinSchoolInfo.plist */,
				C6F3510528F3C794004FFB26 /* Assets.xcassets */,
				C6F3510628F3C794004FFB26 /* LaunchScreen.storyboard */,
			);
			path = Resources;
			sourceTree = "<group>";
		};
/* End PBXGroup section */

/* Begin PBXNativeTarget section */
		C64517FE28F3C1A000E5064D /* ShinSchool */ = {
			isa = PBXNativeTarget;
			buildConfigurationList = C645182928F3C1A100E5064D /* Build configuration list for PBXNativeTarget "ShinSchool" */;
			buildPhases = (
				C64517FB28F3C1A000E5064D /* Sources */,
				C64517FC28F3C1A000E5064D /* Frameworks */,
				C64517FD28F3C1A000E5064D /* Resources */,
			);
			buildRules = (
			);
			dependencies = (
			);
			name = ShinSchool;
			productName = ShinSchool;
			productReference = C64517FF28F3C1A000E5064D /* ShinSchool.app */;
			productType = "com.apple.product-type.application";
		};
		C679825828FCFD1200AFDB84 /* UnitTests */ = {
			isa = PBXNativeTarget;
			buildConfigurationList = C679825F28FCFD1200AFDB84 /* Build configuration list for PBXNativeTarget "UnitTests" */;
			buildPhases = (
				C679825528FCFD1200AFDB84 /* Sources */,
				C679825628FCFD1200AFDB84 /* Frameworks */,
				C679825728FCFD1200AFDB84 /* Resources */,
			);
			buildRules = (
			);
			dependencies = (
				C679825E28FCFD1200AFDB84 /* PBXTargetDependency */,
			);
			name = UnitTests;
			productName = UnitTests;
			productReference = C679825928FCFD1200AFDB84 /* UnitTests.xctest */;
			productType = "com.apple.product-type.bundle.unit-test";
		};
/* End PBXNativeTarget section */

/* Begin PBXProject section */
		C64517F728F3C1A000E5064D /* Project object */ = {
			isa = PBXProject;
			attributes = {
				BuildIndependentTargetsInParallel = 1;
				LastSwiftUpdateCheck = 1340;
				LastUpgradeCheck = 1340;
				TargetAttributes = {
					C64517FE28F3C1A000E5064D = {
						CreatedOnToolsVersion = 13.4.1;
					};
					C679825828FCFD1200AFDB84 = {
						CreatedOnToolsVersion = 13.4.1;
						TestTargetID = C64517FE28F3C1A000E5064D;
					};
				};
			};
			buildConfigurationList = C64517FA28F3C1A000E5064D /* Build configuration list for PBXProject "ShinSchool" */;
			compatibilityVersion = "Xcode 13.0";
			developmentRegion = en;
			hasScannedForEncodings = 0;
			knownRegions = (
				en,
				Base,
			);
			mainGroup = C64517F628F3C1A000E5064D;
			productRefGroup = C645180028F3C1A000E5064D /* Products */;
			projectDirPath = "";
			projectRoot = "";
			targets = (
				C64517FE28F3C1A000E5064D /* ShinSchool */,
				C679825828FCFD1200AFDB84 /* UnitTests */,
			);
		};
/* End PBXProject section */

/* Begin PBXResourcesBuildPhase section */
		C64517FD28F3C1A000E5064D /* Resources */ = {
			isa = PBXResourcesBuildPhase;
			buildActionMask = 2147483647;
			files = (
				C6F3510C28F3C794004FFB26 /* LaunchScreen.storyboard in Resources */,
				C6F3510B28F3C794004FFB26 /* Assets.xcassets in Resources */,
				C6F3510A28F3C794004FFB26 /* ShinSchoolInfo.plist in Resources */,
			);
			runOnlyForDeploymentPostprocessing = 0;
		};
		C679825728FCFD1200AFDB84 /* Resources */ = {
			isa = PBXResourcesBuildPhase;
			buildActionMask = 2147483647;
			files = (
				C67982A528FCFEC500AFDB84 /* SchoolJSON.json in Resources */,
			);
			runOnlyForDeploymentPostprocessing = 0;
		};
/* End PBXResourcesBuildPhase section */

/* Begin PBXSourcesBuildPhase section */
		C64517FB28F3C1A000E5064D /* Sources */ = {
			isa = PBXSourcesBuildPhase;
			buildActionMask = 2147483647;
			files = (
				C67982AC28FD08E700AFDB84 /* SchoolTableColumn.swift in Sources */,
				C67982AF28FD0F5B00AFDB84 /* SchoolModelRequest.swift in Sources */,
				C67982B128FD114500AFDB84 /* NewYorkSchoolModelRequest.swift in Sources */,
				C6F3510128F3C786004FFB26 /* AppDelegate.swift in Sources */,
				C67982A128FCFDAB00AFDB84 /* SchoolJSONParser.swift in Sources */,
				C65C43A628FE222900F6EF05 /* SchoolSATScoreRequest.swift in Sources */,
				C679825228FCC34900AFDB84 /* ChaseClientConstants.swift in Sources */,
				C65C43A928FE226300F6EF05 /* SchoolSATScore.swift in Sources */,
				C6A605E228FDAAD800FE2E4D /* SchoolModelRequestFake.swift in Sources */,
				C65C43B328FE271C00F6EF05 /* SchoolDetailViewControllerDeps.swift in Sources */,
				C67982AD28FD08EB00AFDB84 /* School.swift in Sources */,
				C679824F28FCC26A00AFDB84 /* ClientConstants.swift in Sources */,
				C65C43A328FE163C00F6EF05 /* SchoolListViewControllerDeps.swift in Sources */,
				C65C43AC28FE22E900F6EF05 /* SchoolSATScoreTableColumn.swift in Sources */,
				C67982B928FD16B400AFDB84 /* SchoolListViewController.swift in Sources */,
				C65C43A128FE157300F6EF05 /* SchoolDetailViewController.swift in Sources */,
				C65C439A28FDF66E00F6EF05 /* TitleDescriptionTableViewCell.swift in Sources */,
				C6F3510228F3C786004FFB26 /* SceneDelegate.swift in Sources */,
				C67982B428FD148D00AFDB84 /* ClientError.swift in Sources */,
				C65C43B028FE25C000F6EF05 /* SchoolSATScoreRequestFake.swift in Sources */,
				C679825428FCD5B400AFDB84 /* RequestParameterConstants.swift in Sources */,
				C65C43B628FE279300F6EF05 /* ChaseSchoolListViewControllerDeps.swift in Sources */,
				C679825028FCC26A00AFDB84 /* NewYorkSchoolJSONRequest.swift in Sources */,
			);
			runOnlyForDeploymentPostprocessing = 0;
		};
		C679825528FCFD1200AFDB84 /* Sources */ = {
			isa = PBXSourcesBuildPhase;
			buildActionMask = 2147483647;
			files = (
				C679825C28FCFD1200AFDB84 /* SchoolJSONParserUnitTests.swift in Sources */,
			);
			runOnlyForDeploymentPostprocessing = 0;
		};
/* End PBXSourcesBuildPhase section */

/* Begin PBXTargetDependency section */
		C679825E28FCFD1200AFDB84 /* PBXTargetDependency */ = {
			isa = PBXTargetDependency;
			target = C64517FE28F3C1A000E5064D /* ShinSchool */;
			targetProxy = C679825D28FCFD1200AFDB84 /* PBXContainerItemProxy */;
		};
/* End PBXTargetDependency section */

/* Begin PBXVariantGroup section */
		C6F3510628F3C794004FFB26 /* LaunchScreen.storyboard */ = {
			isa = PBXVariantGroup;
			children = (
				C6F3510728F3C794004FFB26 /* Base */,
			);
			name = LaunchScreen.storyboard;
			sourceTree = "<group>";
		};
/* End PBXVariantGroup section */

/* Begin XCBuildConfiguration section */
		C645182728F3C1A100E5064D /* Debug */ = {
			isa = XCBuildConfiguration;
			buildSettings = {
				ALWAYS_SEARCH_USER_PATHS = NO;
				CLANG_ANALYZER_NONNULL = YES;
				CLANG_ANALYZER_NUMBER_OBJECT_CONVERSION = YES_AGGRESSIVE;
				CLANG_CXX_LANGUAGE_STANDARD = "gnu++17";
				CLANG_ENABLE_MODULES = YES;
				CLANG_ENABLE_OBJC_ARC = YES;
				CLANG_ENABLE_OBJC_WEAK = YES;
				CLANG_WARN_BLOCK_CAPTURE_AUTORELEASING = YES;
				CLANG_WARN_BOOL_CONVERSION = YES;
				CLANG_WARN_COMMA = YES;
				CLANG_WARN_CONSTANT_CONVERSION = YES;
				CLANG_WARN_DEPRECATED_OBJC_IMPLEMENTATIONS = YES;
				CLANG_WARN_DIRECT_OBJC_ISA_USAGE = YES_ERROR;
				CLANG_WARN_DOCUMENTATION_COMMENTS = YES;
				CLANG_WARN_EMPTY_BODY = YES;
				CLANG_WARN_ENUM_CONVERSION = YES;
				CLANG_WARN_INFINITE_RECURSION = YES;
				CLANG_WARN_INT_CONVERSION = YES;
				CLANG_WARN_NON_LITERAL_NULL_CONVERSION = YES;
				CLANG_WARN_OBJC_IMPLICIT_RETAIN_SELF = YES;
				CLANG_WARN_OBJC_LITERAL_CONVERSION = YES;
				CLANG_WARN_OBJC_ROOT_CLASS = YES_ERROR;
				CLANG_WARN_QUOTED_INCLUDE_IN_FRAMEWORK_HEADER = YES;
				CLANG_WARN_RANGE_LOOP_ANALYSIS = YES;
				CLANG_WARN_STRICT_PROTOTYPES = YES;
				CLANG_WARN_SUSPICIOUS_MOVE = YES;
				CLANG_WARN_UNGUARDED_AVAILABILITY = YES_AGGRESSIVE;
				CLANG_WARN_UNREACHABLE_CODE = YES;
				CLANG_WARN__DUPLICATE_METHOD_MATCH = YES;
				COPY_PHASE_STRIP = NO;
				DEBUG_INFORMATION_FORMAT = dwarf;
				ENABLE_STRICT_OBJC_MSGSEND = YES;
				ENABLE_TESTABILITY = YES;
				GCC_C_LANGUAGE_STANDARD = gnu11;
				GCC_DYNAMIC_NO_PIC = NO;
				GCC_NO_COMMON_BLOCKS = YES;
				GCC_OPTIMIZATION_LEVEL = 0;
				GCC_PREPROCESSOR_DEFINITIONS = (
					"DEBUG=1",
					"$(inherited)",
				);
				GCC_WARN_64_TO_32_BIT_CONVERSION = YES;
				GCC_WARN_ABOUT_RETURN_TYPE = YES_ERROR;
				GCC_WARN_UNDECLARED_SELECTOR = YES;
				GCC_WARN_UNINITIALIZED_AUTOS = YES_AGGRESSIVE;
				GCC_WARN_UNUSED_FUNCTION = YES;
				GCC_WARN_UNUSED_VARIABLE = YES;
				IPHONEOS_DEPLOYMENT_TARGET = 15.0;
				MTL_ENABLE_DEBUG_INFO = INCLUDE_SOURCE;
				MTL_FAST_MATH = YES;
				ONLY_ACTIVE_ARCH = YES;
				SDKROOT = iphoneos;
				SWIFT_ACTIVE_COMPILATION_CONDITIONS = DEBUG;
				SWIFT_OPTIMIZATION_LEVEL = "-Onone";
			};
			name = Debug;
		};
		C645182828F3C1A100E5064D /* Release */ = {
			isa = XCBuildConfiguration;
			buildSettings = {
				ALWAYS_SEARCH_USER_PATHS = NO;
				CLANG_ANALYZER_NONNULL = YES;
				CLANG_ANALYZER_NUMBER_OBJECT_CONVERSION = YES_AGGRESSIVE;
				CLANG_CXX_LANGUAGE_STANDARD = "gnu++17";
				CLANG_ENABLE_MODULES = YES;
				CLANG_ENABLE_OBJC_ARC = YES;
				CLANG_ENABLE_OBJC_WEAK = YES;
				CLANG_WARN_BLOCK_CAPTURE_AUTORELEASING = YES;
				CLANG_WARN_BOOL_CONVERSION = YES;
				CLANG_WARN_COMMA = YES;
				CLANG_WARN_CONSTANT_CONVERSION = YES;
				CLANG_WARN_DEPRECATED_OBJC_IMPLEMENTATIONS = YES;
				CLANG_WARN_DIRECT_OBJC_ISA_USAGE = YES_ERROR;
				CLANG_WARN_DOCUMENTATION_COMMENTS = YES;
				CLANG_WARN_EMPTY_BODY = YES;
				CLANG_WARN_ENUM_CONVERSION = YES;
				CLANG_WARN_INFINITE_RECURSION = YES;
				CLANG_WARN_INT_CONVERSION = YES;
				CLANG_WARN_NON_LITERAL_NULL_CONVERSION = YES;
				CLANG_WARN_OBJC_IMPLICIT_RETAIN_SELF = YES;
				CLANG_WARN_OBJC_LITERAL_CONVERSION = YES;
				CLANG_WARN_OBJC_ROOT_CLASS = YES_ERROR;
				CLANG_WARN_QUOTED_INCLUDE_IN_FRAMEWORK_HEADER = YES;
				CLANG_WARN_RANGE_LOOP_ANALYSIS = YES;
				CLANG_WARN_STRICT_PROTOTYPES = YES;
				CLANG_WARN_SUSPICIOUS_MOVE = YES;
				CLANG_WARN_UNGUARDED_AVAILABILITY = YES_AGGRESSIVE;
				CLANG_WARN_UNREACHABLE_CODE = YES;
				CLANG_WARN__DUPLICATE_METHOD_MATCH = YES;
				COPY_PHASE_STRIP = NO;
				DEBUG_INFORMATION_FORMAT = "dwarf-with-dsym";
				ENABLE_NS_ASSERTIONS = NO;
				ENABLE_STRICT_OBJC_MSGSEND = YES;
				GCC_C_LANGUAGE_STANDARD = gnu11;
				GCC_NO_COMMON_BLOCKS = YES;
				GCC_WARN_64_TO_32_BIT_CONVERSION = YES;
				GCC_WARN_ABOUT_RETURN_TYPE = YES_ERROR;
				GCC_WARN_UNDECLARED_SELECTOR = YES;
				GCC_WARN_UNINITIALIZED_AUTOS = YES_AGGRESSIVE;
				GCC_WARN_UNUSED_FUNCTION = YES;
				GCC_WARN_UNUSED_VARIABLE = YES;
				IPHONEOS_DEPLOYMENT_TARGET = 15.0;
				MTL_ENABLE_DEBUG_INFO = NO;
				MTL_FAST_MATH = YES;
				SDKROOT = iphoneos;
				SWIFT_COMPILATION_MODE = wholemodule;
				SWIFT_OPTIMIZATION_LEVEL = "-O";
				VALIDATE_PRODUCT = YES;
			};
			name = Release;
		};
		C645182A28F3C1A100E5064D /* Debug */ = {
			isa = XCBuildConfiguration;
			buildSettings = {
				ASSETCATALOG_COMPILER_GLOBAL_ACCENT_COLOR_NAME = AccentColor;
				ASSETCATALOG_COMPILER_INCLUDE_ALL_APPICON_ASSETS = NO;
				CODE_SIGN_STYLE = Automatic;
				CURRENT_PROJECT_VERSION = 1;
				DEVELOPMENT_TEAM = 852A76BMJ9;
				GENERATE_INFOPLIST_FILE = YES;
				INFOPLIST_FILE = Resources/ShinSchoolInfo.plist;
				INFOPLIST_KEY_UIApplicationSupportsIndirectInputEvents = YES;
				INFOPLIST_KEY_UILaunchStoryboardName = LaunchScreen;
				INFOPLIST_KEY_UISupportedInterfaceOrientations_iPad = "UIInterfaceOrientationPortrait UIInterfaceOrientationPortraitUpsideDown UIInterfaceOrientationLandscapeLeft UIInterfaceOrientationLandscapeRight";
				INFOPLIST_KEY_UISupportedInterfaceOrientations_iPhone = "UIInterfaceOrientationPortrait UIInterfaceOrientationLandscapeLeft UIInterfaceOrientationLandscapeRight";
				LD_RUNPATH_SEARCH_PATHS = (
					"$(inherited)",
					"@executable_path/Frameworks",
				);
				MARKETING_VERSION = 1.0;
				PRODUCT_BUNDLE_IDENTIFIER = app.group.1000.ShinSchool;
				PRODUCT_NAME = "$(TARGET_NAME)";
				SWIFT_EMIT_LOC_STRINGS = YES;
				SWIFT_VERSION = 5.0;
				TARGETED_DEVICE_FAMILY = "1,2";
			};
			name = Debug;
		};
		C645182B28F3C1A100E5064D /* Release */ = {
			isa = XCBuildConfiguration;
			buildSettings = {
				ASSETCATALOG_COMPILER_GLOBAL_ACCENT_COLOR_NAME = AccentColor;
				ASSETCATALOG_COMPILER_INCLUDE_ALL_APPICON_ASSETS = NO;
				CODE_SIGN_STYLE = Automatic;
				CURRENT_PROJECT_VERSION = 1;
				DEVELOPMENT_TEAM = 852A76BMJ9;
				GENERATE_INFOPLIST_FILE = YES;
				INFOPLIST_FILE = Resources/ShinSchoolInfo.plist;
				INFOPLIST_KEY_UIApplicationSupportsIndirectInputEvents = YES;
				INFOPLIST_KEY_UILaunchStoryboardName = LaunchScreen;
				INFOPLIST_KEY_UISupportedInterfaceOrientations_iPad = "UIInterfaceOrientationPortrait UIInterfaceOrientationPortraitUpsideDown UIInterfaceOrientationLandscapeLeft UIInterfaceOrientationLandscapeRight";
				INFOPLIST_KEY_UISupportedInterfaceOrientations_iPhone = "UIInterfaceOrientationPortrait UIInterfaceOrientationLandscapeLeft UIInterfaceOrientationLandscapeRight";
				LD_RUNPATH_SEARCH_PATHS = (
					"$(inherited)",
					"@executable_path/Frameworks",
				);
				MARKETING_VERSION = 1.0;
				PRODUCT_BUNDLE_IDENTIFIER = app.group.1000.ShinSchool;
				PRODUCT_NAME = "$(TARGET_NAME)";
				SWIFT_EMIT_LOC_STRINGS = YES;
				SWIFT_VERSION = 5.0;
				TARGETED_DEVICE_FAMILY = "1,2";
			};
			name = Release;
		};
		C679826028FCFD1200AFDB84 /* Debug */ = {
			isa = XCBuildConfiguration;
			buildSettings = {
				BUNDLE_LOADER = "$(TEST_HOST)";
				CODE_SIGN_STYLE = Automatic;
				CURRENT_PROJECT_VERSION = 1;
				DEVELOPMENT_TEAM = 852A76BMJ9;
				GENERATE_INFOPLIST_FILE = YES;
				MARKETING_VERSION = 1.0;
				PRODUCT_BUNDLE_IDENTIFIER = app.group.1000.UnitTests;
				PRODUCT_NAME = "$(TARGET_NAME)";
				SWIFT_EMIT_LOC_STRINGS = NO;
				SWIFT_VERSION = 5.0;
				TARGETED_DEVICE_FAMILY = "1,2";
				TEST_HOST = "$(BUILT_PRODUCTS_DIR)/ShinSchool.app/ShinSchool";
			};
			name = Debug;
		};
		C679826128FCFD1200AFDB84 /* Release */ = {
			isa = XCBuildConfiguration;
			buildSettings = {
				BUNDLE_LOADER = "$(TEST_HOST)";
				CODE_SIGN_STYLE = Automatic;
				CURRENT_PROJECT_VERSION = 1;
				DEVELOPMENT_TEAM = 852A76BMJ9;
				GENERATE_INFOPLIST_FILE = YES;
				MARKETING_VERSION = 1.0;
				PRODUCT_BUNDLE_IDENTIFIER = app.group.1000.UnitTests;
				PRODUCT_NAME = "$(TARGET_NAME)";
				SWIFT_EMIT_LOC_STRINGS = NO;
				SWIFT_VERSION = 5.0;
				TARGETED_DEVICE_FAMILY = "1,2";
				TEST_HOST = "$(BUILT_PRODUCTS_DIR)/ShinSchool.app/ShinSchool";
			};
			name = Release;
		};
/* End XCBuildConfiguration section */

/* Begin XCConfigurationList section */
		C64517FA28F3C1A000E5064D /* Build configuration list for PBXProject "ShinSchool" */ = {
			isa = XCConfigurationList;
			buildConfigurations = (
				C645182728F3C1A100E5064D /* Debug */,
				C645182828F3C1A100E5064D /* Release */,
			);
			defaultConfigurationIsVisible = 0;
			defaultConfigurationName = Release;
		};
		C645182928F3C1A100E5064D /* Build configuration list for PBXNativeTarget "ShinSchool" */ = {
			isa = XCConfigurationList;
			buildConfigurations = (
				C645182A28F3C1A100E5064D /* Debug */,
				C645182B28F3C1A100E5064D /* Release */,
			);
			defaultConfigurationIsVisible = 0;
			defaultConfigurationName = Release;
		};
		C679825F28FCFD1200AFDB84 /* Build configuration list for PBXNativeTarget "UnitTests" */ = {
			isa = XCConfigurationList;
			buildConfigurations = (
				C679826028FCFD1200AFDB84 /* Debug */,
				C679826128FCFD1200AFDB84 /* Release */,
			);
			defaultConfigurationIsVisible = 0;
			defaultConfigurationName = Release;
		};
/* End XCConfigurationList section */
	};
	rootObject = C64517F728F3C1A000E5064D /* Project object */;
}
